// !$*UTF8*$!
{
	archiveVersion = 1;
	classes = {
	};
	objectVersion = 77;
	objects = {

/* Begin PBXBuildFile section */
		40E648752FEAD799006C371D /* README.md in Resources */ = {isa = PBXBuildFile; fileRef = 40E648732FEAD794006C371D /* README.md */; };
		A10000000000000000000001 /* InputController.swift in Sources */ = {isa = PBXBuildFile; fileRef = A10000000000000000000004 /* InputController.swift */; };
		A10000000000000000000002 /* main.swift in Sources */ = {isa = PBXBuildFile; fileRef = A10000000000000000000005 /* main.swift */; };
		A10000000000000000000010 /* proofime 512.png in Resources */ = {isa = PBXBuildFile; fileRef = A10000000000000000000011 /* proofime 512.png */; };
/* End PBXBuildFile section */

/* Begin PBXContainerItemProxy section */
		40F3C61D2FF6BDA5007061E9 /* PBXContainerItemProxy */ = {
			isa = PBXContainerItemProxy;
			containerPortal = 40E648542FEAD1D5006C371D /* Project object */;
			proxyType = 1;
			remoteGlobalIDString = 40E6485B2FEAD1D5006C371D;
			remoteInfo = ProofIME;
		};
/* End PBXContainerItemProxy section */

/* Begin PBXFileReference section */
		40E6485C2FEAD1D5006C371D /* ProofIME.app */ = {isa = PBXFileReference; explicitFileType = wrapper.application; includeInIndex = 0; path = ProofIME.app; sourceTree = BUILT_PRODUCTS_DIR; };
		40E648732FEAD794006C371D /* README.md */ = {isa = PBXFileReference; lastKnownFileType = net.daringfireball.markdown; path = README.md; sourceTree = "<group>"; };
		40F3C6192FF6BDA5007061E9 /* ProofIMETests.xctest */ = {isa = PBXFileReference; explicitFileType = wrapper.cfbundle; includeInIndex = 0; path = ProofIMETests.xctest; sourceTree = BUILT_PRODUCTS_DIR; };
		A10000000000000000000003 /* ProofIMEInputMethod.inputmethod */ = {isa = PBXFileReference; explicitFileType = wrapper.application; includeInIndex = 0; path = ProofIMEInputMethod.inputmethod; sourceTree = BUILT_PRODUCTS_DIR; };
		A10000000000000000000004 /* InputController.swift */ = {isa = PBXFileReference; lastKnownFileType = sourcecode.swift; path = InputController.swift; sourceTree = "<group>"; };
		A10000000000000000000005 /* main.swift */ = {isa = PBXFileReference; lastKnownFileType = sourcecode.swift; path = main.swift; sourceTree = "<group>"; };
		A10000000000000000000006 /* Info.plist */ = {isa = PBXFileReference; lastKnownFileType = text.plist.xml; path = Info.plist; sourceTree = "<group>"; };
		A10000000000000000000011 /* proofime 512.png */ = {isa = PBXFileReference; lastKnownFileType = image.png; name = "proofime 512.png"; path = "ProofIME/Assets.xcassets/AppIcon.appiconset/proofime 512.png"; sourceTree = SOURCE_ROOT; };
/* End PBXFileReference section */

/* Begin PBXFileSystemSynchronizedRootGroup section */
		40E6485E2FEAD1D5006C371D /* ProofIME */ = {
			isa = PBXFileSystemSynchronizedRootGroup;
			path = ProofIME;
			sourceTree = "<group>";
		};
		40E648982FEB06FD006C371D /* screenshots */ = {
			isa = PBXFileSystemSynchronizedRootGroup;
			path = screenshots;
			sourceTree = "<group>";
		};
		40F3C61A2FF6BDA5007061E9 /* ProofIMETests */ = {
			isa = PBXFileSystemSynchronizedRootGroup;
			path = ProofIMETests;
			sourceTree = "<group>";
		};
/* End PBXFileSystemSynchronizedRootGroup section */

/* Begin PBXFrameworksBuildPhase section */
		A1000000000000000000000A /* Frameworks */ = {
			isa = PBXFrameworksBuildPhase;
			buildActionMask = 2147483647;
			files = (
			);
			runOnlyForDeploymentPostprocessing = 0;
		};
		40E648592FEAD1D5006C371D /* Frameworks */ = {
			isa = PBXFrameworksBuildPhase;
			buildActionMask = 2147483647;
			files = (
			);
			runOnlyForDeploymentPostprocessing = 0;
		};
		40F3C6162FF6BDA5007061E9 /* Frameworks */ = {
			isa = PBXFrameworksBuildPhase;
			buildActionMask = 2147483647;
			files = (
			);
			runOnlyForDeploymentPostprocessing = 0;
		};
/* End PBXFrameworksBuildPhase section */

/* Begin PBXGroup section */
		40E648532FEAD1D5006C371D = {
			isa = PBXGroup;
			children = (
				40E6485E2FEAD1D5006C371D /* ProofIME */,
				A10000000000000000000007 /* ProofIMEInputMethod */,
				40F3C61A2FF6BDA5007061E9 /* ProofIMETests */,
				40E6485D2FEAD1D5006C371D /* Products */,
				40E648732FEAD794006C371D /* README.md */,
				40E648982FEB06FD006C371D /* screenshots */,
			);
			sourceTree = "<group>";
		};
		40E6485D2FEAD1D5006C371D /* Products */ = {
			isa = PBXGroup;
			children = (
				40E6485C2FEAD1D5006C371D /* ProofIME.app */,
				A10000000000000000000003 /* ProofIMEInputMethod.inputmethod */,
				40F3C6192FF6BDA5007061E9 /* ProofIMETests.xctest */,
			);
			name = Products;
			sourceTree = "<group>";
		};
		A10000000000000000000007 /* ProofIMEInputMethod */ = {
			isa = PBXGroup;
			children = (
				A10000000000000000000004 /* InputController.swift */,
				A10000000000000000000005 /* main.swift */,
				A10000000000000000000006 /* Info.plist */,
				A10000000000000000000011 /* proofime 512.png */,
			);
			path = ProofIMEInputMethod;
			sourceTree = "<group>";
		};
/* End PBXGroup section */

/* Begin PBXNativeTarget section */
		A10000000000000000000008 /* ProofIMEInputMethod */ = {
			isa = PBXNativeTarget;
			buildConfigurationList = A1000000000000000000000D /* Build configuration list for PBXNativeTarget "ProofIMEInputMethod" */;
			buildPhases = (
				A10000000000000000000009 /* Sources */,
				A1000000000000000000000A /* Frameworks */,
				A1000000000000000000000B /* Resources */,
			);
			buildRules = (
			);
			dependencies = (
			);
			name = ProofIMEInputMethod;
			packageProductDependencies = (
			);
			productName = ProofIMEInputMethod;
			productReference = A10000000000000000000003 /* ProofIMEInputMethod.inputmethod */;
			productType = "com.apple.product-type.application";
		};
		40E6485B2FEAD1D5006C371D /* ProofIME */ = {
			isa = PBXNativeTarget;
			buildConfigurationList = 40E648672FEAD1D6006C371D /* Build configuration list for PBXNativeTarget "ProofIME" */;
			buildPhases = (
				40E648582FEAD1D5006C371D /* Sources */,
				40E648592FEAD1D5006C371D /* Frameworks */,
				40E6485A2FEAD1D5006C371D /* Resources */,
			);
			buildRules = (
			);
			dependencies = (
			);
			fileSystemSynchronizedGroups = (
				40E6485E2FEAD1D5006C371D /* ProofIME */,
				40E648982FEB06FD006C371D /* screenshots */,
			);
			name = ProofIME;
			packageProductDependencies = (
			);
			productName = ProofIME;
			productReference = 40E6485C2FEAD1D5006C371D /* ProofIME.app */;
			productType = "com.apple.product-type.application";
		};
		40F3C6182FF6BDA5007061E9 /* ProofIMETests */ = {
			isa = PBXNativeTarget;
			buildConfigurationList = 40F3C61F2FF6BDA5007061E9 /* Build configuration list for PBXNativeTarget "ProofIMETests" */;
			buildPhases = (
				40F3C6152FF6BDA5007061E9 /* Sources */,
				40F3C6162FF6BDA5007061E9 /* Frameworks */,
				40F3C6172FF6BDA5007061E9 /* Resources */,
			);
			buildRules = (
			);
			dependencies = (
				40F3C61E2FF6BDA5007061E9 /* PBXTargetDependency */,
			);
			fileSystemSynchronizedGroups = (
				40F3C61A2FF6BDA5007061E9 /* ProofIMETests */,
			);
			name = ProofIMETests;
			packageProductDependencies = (
			);
			productName = ProofIMETests;
			productReference = 40F3C6192FF6BDA5007061E9 /* ProofIMETests.xctest */;
			productType = "com.apple.product-type.bundle.unit-test";
		};
/* End PBXNativeTarget section */

/* Begin PBXProject section */
		40E648542FEAD1D5006C371D /* Project object */ = {
			isa = PBXProject;
			attributes = {
				BuildIndependentTargetsInParallel = 1;
				LastSwiftUpdateCheck = 2640;
				LastUpgradeCheck = 2640;
				TargetAttributes = {
					A10000000000000000000008 = {
						CreatedOnToolsVersion = 26.4.1;
					};
					40E6485B2FEAD1D5006C371D = {
						CreatedOnToolsVersion = 26.4.1;
					};
					40F3C6182FF6BDA5007061E9 = {
						CreatedOnToolsVersion = 26.4.1;
						TestTargetID = 40E6485B2FEAD1D5006C371D;
					};
				};
			};
			buildConfigurationList = 40E648572FEAD1D5006C371D /* Build configuration list for PBXProject "ProofIME" */;
			developmentRegion = en;
			hasScannedForEncodings = 0;
			knownRegions = (
				en,
				Base,
			);
			mainGroup = 40E648532FEAD1D5006C371D;
			minimizedProjectReferenceProxies = 1;
			preferredProjectObjectVersion = 77;
			productRefGroup = 40E6485D2FEAD1D5006C371D /* Products */;
			projectDirPath = "";
			projectRoot = "";
			targets = (
				40E6485B2FEAD1D5006C371D /* ProofIME */,
				A10000000000000000000008 /* ProofIMEInputMethod */,
				40F3C6182FF6BDA5007061E9 /* ProofIMETests */,
			);
		};
/* End PBXProject section */

/* Begin PBXResourcesBuildPhase section */
		A1000000000000000000000B /* Resources */ = {
			isa = PBXResourcesBuildPhase;
			buildActionMask = 2147483647;
			files = (
				A10000000000000000000010 /* proofime 512.png in Resources */,
			);
			runOnlyForDeploymentPostprocessing = 0;
		};
		40E6485A2FEAD1D5006C371D /* Resources */ = {
			isa = PBXResourcesBuildPhase;
			buildActionMask = 2147483647;
			files = (
				40E648752FEAD799006C371D /* README.md in Resources */,
			);
			runOnlyForDeploymentPostprocessing = 0;
		};
		40F3C6172FF6BDA5007061E9 /* Resources */ = {
			isa = PBXResourcesBuildPhase;
			buildActionMask = 2147483647;
			files = (
			);
			runOnlyForDeploymentPostprocessing = 0;
		};
/* End PBXResourcesBuildPhase section */

/* Begin PBXSourcesBuildPhase section */
		A10000000000000000000009 /* Sources */ = {
			isa = PBXSourcesBuildPhase;
			buildActionMask = 2147483647;
			files = (
				A10000000000000000000001 /* InputController.swift in Sources */,
				A10000000000000000000002 /* main.swift in Sources */,
			);
			runOnlyForDeploymentPostprocessing = 0;
		};
		40E648582FEAD1D5006C371D /* Sources */ = {
			isa = PBXSourcesBuildPhase;
			buildActionMask = 2147483647;
			files = (
			);
			runOnlyForDeploymentPostprocessing = 0;
		};
		40F3C6152FF6BDA5007061E9 /* Sources */ = {
			isa = PBXSourcesBuildPhase;
			buildActionMask = 2147483647;
			files = (
			);
			runOnlyForDeploymentPostprocessing = 0;
		};
/* End PBXSourcesBuildPhase section */

/* Begin PBXTargetDependency section */
		40F3C61E2FF6BDA5007061E9 /* PBXTargetDependency */ = {
			isa = PBXTargetDependency;
			target = 40E6485B2FEAD1D5006C371D /* ProofIME */;
			targetProxy = 40F3C61D2FF6BDA5007061E9 /* PBXContainerItemProxy */;
		};
/* End PBXTargetDependency section */

/* Begin XCBuildConfiguration section */
		A1000000000000000000000E /* Debug */ = {
			isa = XCBuildConfiguration;
			buildSettings = {
				CODE_SIGN_STYLE = Automatic;
				CURRENT_PROJECT_VERSION = 1;
				GENERATE_INFOPLIST_FILE = NO;
				INFOPLIST_FILE = ProofIMEInputMethod/Info.plist;
				INSTALL_PATH = "$(HOME)/Library/Input Methods";
				MARKETING_VERSION = 1.0;
				PRODUCT_BUNDLE_IDENTIFIER = com.tranguyeenn.inputmethod.ProofIME;
				PRODUCT_MODULE_NAME = ProofIMEInputMethod;
				PRODUCT_NAME = "$(TARGET_NAME)";
				SKIP_INSTALL = NO;
				STRING_CATALOG_GENERATE_SYMBOLS = NO;
				SWIFT_EMIT_LOC_STRINGS = NO;
				SWIFT_VERSION = 5.0;
				WRAPPER_EXTENSION = inputmethod;
			};
			name = Debug;
		};
		A1000000000000000000000F /* Release */ = {
			isa = XCBuildConfiguration;
			buildSettings = {
				CODE_SIGN_STYLE = Automatic;
				CURRENT_PROJECT_VERSION = 1;
				GENERATE_INFOPLIST_FILE = NO;
				INFOPLIST_FILE = ProofIMEInputMethod/Info.plist;
				INSTALL_PATH = "$(HOME)/Library/Input Methods";
				MARKETING_VERSION = 1.0;
				PRODUCT_BUNDLE_IDENTIFIER = com.tranguyeenn.inputmethod.ProofIME;
				PRODUCT_MODULE_NAME = ProofIMEInputMethod;
				PRODUCT_NAME = "$(TARGET_NAME)";
				SKIP_INSTALL = NO;
				STRING_CATALOG_GENERATE_SYMBOLS = NO;
				SWIFT_EMIT_LOC_STRINGS = NO;
				SWIFT_VERSION = 5.0;
				WRAPPER_EXTENSION = inputmethod;
			};
			name = Release;
		};
		40E648652FEAD1D6006C371D /* Debug */ = {
			isa = XCBuildConfiguration;
			buildSettings = {
				ALWAYS_SEARCH_USER_PATHS = NO;
				ASSETCATALOG_COMPILER_GENERATE_SWIFT_ASSET_SYMBOL_EXTENSIONS = YES;
				CLANG_ANALYZER_NONNULL = YES;
				CLANG_ANALYZER_NUMBER_OBJECT_CONVERSION = YES_AGGRESSIVE;
				CLANG_CXX_LANGUAGE_STANDARD = "gnu++20";
				CLANG_ENABLE_MODULES = YES;
				CLANG_ENABLE_OBJC_ARC = YES;
				CLANG_ENABLE_OBJC_WEAK = YES;
				CLANG_WARN_BLOCK_CAPTURE_AUTORELEASING = YES;
				CLANG_WARN_BOOL_CONVERSION = YES;
				CLANG_WARN_COMMA = YES;
				CLANG_WARN_CONSTANT_CONVERSION = YES;
				CLANG_WARN_DEPRECATED_OBJC_IMPLEMENTATIONS = YES;
				CLANG_WARN_DIRECT_OBJC_ISA_USAGE = YES_ERROR;
				CLANG_WARN_DOCUMENTATION_COMMENTS = YES;
				CLANG_WARN_EMPTY_BODY = YES;
				CLANG_WARN_ENUM_CONVERSION = YES;
				CLANG_WARN_INFINITE_RECURSION = YES;
				CLANG_WARN_INT_CONVERSION = YES;
				CLANG_WARN_NON_LITERAL_NULL_CONVERSION = YES;
				CLANG_WARN_OBJC_IMPLICIT_RETAIN_SELF = YES;
				CLANG_WARN_OBJC_LITERAL_CONVERSION = YES;
				CLANG_WARN_OBJC_ROOT_CLASS = YES_ERROR;
				CLANG_WARN_QUOTED_INCLUDE_IN_FRAMEWORK_HEADER = YES;
				CLANG_WARN_RANGE_LOOP_ANALYSIS = YES;
				CLANG_WARN_STRICT_PROTOTYPES = YES;
				CLANG_WARN_SUSPICIOUS_MOVE = YES;
				CLANG_WARN_UNGUARDED_AVAILABILITY = YES_AGGRESSIVE;
				CLANG_WARN_UNREACHABLE_CODE = YES;
				CLANG_WARN__DUPLICATE_METHOD_MATCH = YES;
				COPY_PHASE_STRIP = NO;
				DEBUG_INFORMATION_FORMAT = dwarf;
				ENABLE_STRICT_OBJC_MSGSEND = YES;
				ENABLE_TESTABILITY = YES;
				ENABLE_USER_SCRIPT_SANDBOXING = YES;
				GCC_C_LANGUAGE_STANDARD = gnu17;
				GCC_DYNAMIC_NO_PIC = NO;
				GCC_NO_COMMON_BLOCKS = YES;
				GCC_OPTIMIZATION_LEVEL = 0;
				GCC_PREPROCESSOR_DEFINITIONS = (
					"DEBUG=1",
					"$(inherited)",
				);
				GCC_WARN_64_TO_32_BIT_CONVERSION = YES;
				GCC_WARN_ABOUT_RETURN_TYPE = YES_ERROR;
				GCC_WARN_UNDECLARED_SELECTOR = YES;
				GCC_WARN_UNINITIALIZED_AUTOS = YES_AGGRESSIVE;
				GCC_WARN_UNUSED_FUNCTION = YES;
				GCC_WARN_UNUSED_VARIABLE = YES;
				LOCALIZATION_PREFERS_STRING_CATALOGS = YES;
				MACOSX_DEPLOYMENT_TARGET = 26.3;
				MTL_ENABLE_DEBUG_INFO = INCLUDE_SOURCE;
				MTL_FAST_MATH = YES;
				ONLY_ACTIVE_ARCH = YES;
				SDKROOT = macosx;
				SWIFT_ACTIVE_COMPILATION_CONDITIONS = "DEBUG $(inherited)";
				SWIFT_OPTIMIZATION_LEVEL = "-Onone";
			};
			name = Debug;
		};
		40E648662FEAD1D6006C371D /* Release */ = {
			isa = XCBuildConfiguration;
			buildSettings = {
				ALWAYS_SEARCH_USER_PATHS = NO;
				ASSETCATALOG_COMPILER_GENERATE_SWIFT_ASSET_SYMBOL_EXTENSIONS = YES;
				CLANG_ANALYZER_NONNULL = YES;
				CLANG_ANALYZER_NUMBER_OBJECT_CONVERSION = YES_AGGRESSIVE;
				CLANG_CXX_LANGUAGE_STANDARD = "gnu++20";
				CLANG_ENABLE_MODULES = YES;
				CLANG_ENABLE_OBJC_ARC = YES;
				CLANG_ENABLE_OBJC_WEAK = YES;
				CLANG_WARN_BLOCK_CAPTURE_AUTORELEASING = YES;
				CLANG_WARN_BOOL_CONVERSION = YES;
				CLANG_WARN_COMMA = YES;
				CLANG_WARN_CONSTANT_CONVERSION = YES;
				CLANG_WARN_DEPRECATED_OBJC_IMPLEMENTATIONS = YES;
				CLANG_WARN_DIRECT_OBJC_ISA_USAGE = YES_ERROR;
				CLANG_WARN_DOCUMENTATION_COMMENTS = YES;
				CLANG_WARN_EMPTY_BODY = YES;
				CLANG_WARN_ENUM_CONVERSION = YES;
				CLANG_WARN_INFINITE_RECURSION = YES;
				CLANG_WARN_INT_CONVERSION = YES;
				CLANG_WARN_NON_LITERAL_NULL_CONVERSION = YES;
				CLANG_WARN_OBJC_IMPLICIT_RETAIN_SELF = YES;
				CLANG_WARN_OBJC_LITERAL_CONVERSION = YES;
				CLANG_WARN_OBJC_ROOT_CLASS = YES_ERROR;
				CLANG_WARN_QUOTED_INCLUDE_IN_FRAMEWORK_HEADER = YES;
				CLANG_WARN_RANGE_LOOP_ANALYSIS = YES;
				CLANG_WARN_STRICT_PROTOTYPES = YES;
				CLANG_WARN_SUSPICIOUS_MOVE = YES;
				CLANG_WARN_UNGUARDED_AVAILABILITY = YES_AGGRESSIVE;
				CLANG_WARN_UNREACHABLE_CODE = YES;
				CLANG_WARN__DUPLICATE_METHOD_MATCH = YES;
				COPY_PHASE_STRIP = NO;
				DEBUG_INFORMATION_FORMAT = "dwarf-with-dsym";
				ENABLE_NS_ASSERTIONS = NO;
				ENABLE_STRICT_OBJC_MSGSEND = YES;
				ENABLE_USER_SCRIPT_SANDBOXING = YES;
				GCC_C_LANGUAGE_STANDARD = gnu17;
				GCC_NO_COMMON_BLOCKS = YES;
				GCC_WARN_64_TO_32_BIT_CONVERSION = YES;
				GCC_WARN_ABOUT_RETURN_TYPE = YES_ERROR;
				GCC_WARN_UNDECLARED_SELECTOR = YES;
				GCC_WARN_UNINITIALIZED_AUTOS = YES_AGGRESSIVE;
				GCC_WARN_UNUSED_FUNCTION = YES;
				GCC_WARN_UNUSED_VARIABLE = YES;
				LOCALIZATION_PREFERS_STRING_CATALOGS = YES;
				MACOSX_DEPLOYMENT_TARGET = 26.3;
				MTL_ENABLE_DEBUG_INFO = NO;
				MTL_FAST_MATH = YES;
				SDKROOT = macosx;
				SWIFT_COMPILATION_MODE = wholemodule;
			};
			name = Release;
		};
		40E648682FEAD1D6006C371D /* Debug */ = {
			isa = XCBuildConfiguration;
			buildSettings = {
				ASSETCATALOG_COMPILER_APPICON_NAME = AppIcon;
				ASSETCATALOG_COMPILER_GLOBAL_ACCENT_COLOR_NAME = AccentColor;
				ASSETCATALOG_COMPILER_INCLUDE_ALL_APPICON_ASSETS = YES;
				CODE_SIGN_STYLE = Automatic;
				COMBINE_HIDPI_IMAGES = YES;
				CURRENT_PROJECT_VERSION = 1;
				ENABLE_APP_SANDBOX = YES;
				ENABLE_PREVIEWS = YES;
				ENABLE_USER_SELECTED_FILES = readonly;
				GENERATE_INFOPLIST_FILE = YES;
				INFOPLIST_KEY_LSApplicationCategoryType = "public.app-category.utilities";
				INFOPLIST_KEY_NSHumanReadableCopyright = "";
				LD_RUNPATH_SEARCH_PATHS = (
					"$(inherited)",
					"@executable_path/../Frameworks",
				);
				MARKETING_VERSION = 1.0;
				PRODUCT_BUNDLE_IDENTIFIER = com.tranguyeenn.ProofIME;
				PRODUCT_NAME = "$(TARGET_NAME)";
				REGISTER_APP_GROUPS = YES;
				STRING_CATALOG_GENERATE_SYMBOLS = YES;
				SWIFT_APPROACHABLE_CONCURRENCY = YES;
				SWIFT_DEFAULT_ACTOR_ISOLATION = MainActor;
				SWIFT_EMIT_LOC_STRINGS = YES;
				SWIFT_UPCOMING_FEATURE_MEMBER_IMPORT_VISIBILITY = YES;
				SWIFT_VERSION = 5.0;
			};
			name = Debug;
		};
		40E648692FEAD1D6006C371D /* Release */ = {
			isa = XCBuildConfiguration;
			buildSettings = {
				ASSETCATALOG_COMPILER_APPICON_NAME = AppIcon;
				ASSETCATALOG_COMPILER_GLOBAL_ACCENT_COLOR_NAME = AccentColor;
				ASSETCATALOG_COMPILER_INCLUDE_ALL_APPICON_ASSETS = YES;
				CODE_SIGN_STYLE = Automatic;
				COMBINE_HIDPI_IMAGES = YES;
				CURRENT_PROJECT_VERSION = 1;
				ENABLE_APP_SANDBOX = YES;
				ENABLE_PREVIEWS = YES;
				ENABLE_USER_SELECTED_FILES = readonly;
				GENERATE_INFOPLIST_FILE = YES;
				INFOPLIST_KEY_LSApplicationCategoryType = "public.app-category.utilities";
				INFOPLIST_KEY_NSHumanReadableCopyright = "";
				LD_RUNPATH_SEARCH_PATHS = (
					"$(inherited)",
					"@executable_path/../Frameworks",
				);
				MARKETING_VERSION = 1.0;
				PRODUCT_BUNDLE_IDENTIFIER = com.tranguyeenn.ProofIME;
				PRODUCT_NAME = "$(TARGET_NAME)";
				REGISTER_APP_GROUPS = YES;
				STRING_CATALOG_GENERATE_SYMBOLS = YES;
				SWIFT_APPROACHABLE_CONCURRENCY = YES;
				SWIFT_DEFAULT_ACTOR_ISOLATION = MainActor;
				SWIFT_EMIT_LOC_STRINGS = YES;
				SWIFT_UPCOMING_FEATURE_MEMBER_IMPORT_VISIBILITY = YES;
				SWIFT_VERSION = 5.0;
			};
			name = Release;
		};
		40F3C6202FF6BDA5007061E9 /* Debug */ = {
			isa = XCBuildConfiguration;
			buildSettings = {
				BUNDLE_LOADER = "$(TEST_HOST)";
				CODE_SIGN_STYLE = Automatic;
				CURRENT_PROJECT_VERSION = 1;
				GENERATE_INFOPLIST_FILE = YES;
				MACOSX_DEPLOYMENT_TARGET = 26.4;
				MARKETING_VERSION = 1.0;
				PRODUCT_BUNDLE_IDENTIFIER = com.tranguyeenn.ProofIMETests;
				PRODUCT_NAME = "$(TARGET_NAME)";
				STRING_CATALOG_GENERATE_SYMBOLS = NO;
				SWIFT_APPROACHABLE_CONCURRENCY = YES;
				SWIFT_EMIT_LOC_STRINGS = NO;
				SWIFT_UPCOMING_FEATURE_MEMBER_IMPORT_VISIBILITY = YES;
				SWIFT_VERSION = 5.0;
				TEST_HOST = "$(BUILT_PRODUCTS_DIR)/ProofIME.app/$(BUNDLE_EXECUTABLE_FOLDER_PATH)/ProofIME";
			};
			name = Debug;
		};
		40F3C6212FF6BDA5007061E9 /* Release */ = {
			isa = XCBuildConfiguration;
			buildSettings = {
				BUNDLE_LOADER = "$(TEST_HOST)";
				CODE_SIGN_STYLE = Automatic;
				CURRENT_PROJECT_VERSION = 1;
				GENERATE_INFOPLIST_FILE = YES;
				MACOSX_DEPLOYMENT_TARGET = 26.4;
				MARKETING_VERSION = 1.0;
				PRODUCT_BUNDLE_IDENTIFIER = com.tranguyeenn.ProofIMETests;
				PRODUCT_NAME = "$(TARGET_NAME)";
				STRING_CATALOG_GENERATE_SYMBOLS = NO;
				SWIFT_APPROACHABLE_CONCURRENCY = YES;
				SWIFT_EMIT_LOC_STRINGS = NO;
				SWIFT_UPCOMING_FEATURE_MEMBER_IMPORT_VISIBILITY = YES;
				SWIFT_VERSION = 5.0;
				TEST_HOST = "$(BUILT_PRODUCTS_DIR)/ProofIME.app/$(BUNDLE_EXECUTABLE_FOLDER_PATH)/ProofIME";
			};
			name = Release;
		};
/* End XCBuildConfiguration section */

/* Begin XCConfigurationList section */
		A1000000000000000000000D /* Build configuration list for PBXNativeTarget "ProofIMEInputMethod" */ = {
			isa = XCConfigurationList;
			buildConfigurations = (
				A1000000000000000000000E /* Debug */,
				A1000000000000000000000F /* Release */,
			);
			defaultConfigurationIsVisible = 0;
			defaultConfigurationName = Release;
		};
		40E648572FEAD1D5006C371D /* Build configuration list for PBXProject "ProofIME" */ = {
			isa = XCConfigurationList;
			buildConfigurations = (
				40E648652FEAD1D6006C371D /* Debug */,
				40E648662FEAD1D6006C371D /* Release */,
			);
			defaultConfigurationIsVisible = 0;
			defaultConfigurationName = Release;
		};
		40E648672FEAD1D6006C371D /* Build configuration list for PBXNativeTarget "ProofIME" */ = {
			isa = XCConfigurationList;
			buildConfigurations = (
				40E648682FEAD1D6006C371D /* Debug */,
				40E648692FEAD1D6006C371D /* Release */,
			);
			defaultConfigurationIsVisible = 0;
			defaultConfigurationName = Release;
		};
		40F3C61F2FF6BDA5007061E9 /* Build configuration list for PBXNativeTarget "ProofIMETests" */ = {
			isa = XCConfigurationList;
			buildConfigurations = (
				40F3C6202FF6BDA5007061E9 /* Debug */,
				40F3C6212FF6BDA5007061E9 /* Release */,
			);
			defaultConfigurationIsVisible = 0;
			defaultConfigurationName = Release;
		};
/* End XCConfigurationList section */
	};
	rootObject = 40E648542FEAD1D5006C371D /* Project object */;
}
